// !$*UTF8*$!
{
	archiveVersion = 1;
	classes = {
	};
	objectVersion = 56;
	objects = {

/* Begin PBXBuildFile section */
		932D01532A872B2B002CF80B /* Double+Extesions.swift in Sources */ = {isa = PBXBuildFile; fileRef = 932D01522A872B2B002CF80B /* Double+Extesions.swift */; };
		938CCED32A7EB5530085BBCF /* ArithmeticCalculatorWithSwiftUIApp.swift in Sources */ = {isa = PBXBuildFile; fileRef = 938CCED22A7EB5530085BBCF /* ArithmeticCalculatorWithSwiftUIApp.swift */; };
		938CCED52A7EB5530085BBCF /* ContentView.swift in Sources */ = {isa = PBXBuildFile; fileRef = 938CCED42A7EB5530085BBCF /* ContentView.swift */; };
		938CCED72A7EB5560085BBCF /* Assets.xcassets in Resources */ = {isa = PBXBuildFile; fileRef = 938CCED62A7EB5560085BBCF /* Assets.xcassets */; };
		938CCEDA2A7EB5560085BBCF /* Preview Assets.xcassets in Resources */ = {isa = PBXBuildFile; fileRef = 938CCED92A7EB5560085BBCF /* Preview Assets.xcassets */; };
		938CCEE12A7ED7AE0085BBCF /* CalculatorView.swift in Sources */ = {isa = PBXBuildFile; fileRef = 938CCEE02A7ED7AE0085BBCF /* CalculatorView.swift */; };
		938CCEE32A7ED7E10085BBCF /* CalcButton.swift in Sources */ = {isa = PBXBuildFile; fileRef = 938CCEE22A7ED7E10085BBCF /* CalcButton.swift */; };
		93D0F7952A7FA22A00BA8357 /* CalculatorViewModel.swift in Sources */ = {isa = PBXBuildFile; fileRef = 93D0F7942A7FA22A00BA8357 /* CalculatorViewModel.swift */; };
/* End PBXBuildFile section */

/* Begin PBXFileReference section */
		932D01522A872B2B002CF80B /* Double+Extesions.swift */ = {isa = PBXFileReference; lastKnownFileType = sourcecode.swift; path = "Double+Extesions.swift"; sourceTree = "<group>"; };
		938CCECF2A7EB5530085BBCF /* ArithmeticCalculatorWithSwiftUI.app */ = {isa = PBXFileReference; explicitFileType = wrapper.application; includeInIndex = 0; path = ArithmeticCalculatorWithSwiftUI.app; sourceTree = BUILT_PRODUCTS_DIR; };
		938CCED22A7EB5530085BBCF /* ArithmeticCalculatorWithSwiftUIApp.swift */ = {isa = PBXFileReference; lastKnownFileType = sourcecode.swift; path = ArithmeticCalculatorWithSwiftUIApp.swift; sourceTree = "<group>"; };
		938CCED42A7EB5530085BBCF /* ContentView.swift */ = {isa = PBXFileReference; lastKnownFileType = sourcecode.swift; path = ContentView.swift; sourceTree = "<group>"; };
		938CCED62A7EB5560085BBCF /* Assets.xcassets */ = {isa = PBXFileReference; lastKnownFileType = folder.assetcatalog; path = Assets.xcassets; sourceTree = "<group>"; };
		938CCED92A7EB5560085BBCF /* Preview Assets.xcassets */ = {isa = PBXFileReference; lastKnownFileType = folder.assetcatalog; path = "Preview Assets.xcassets"; sourceTree = "<group>"; };
		938CCEE02A7ED7AE0085BBCF /* CalculatorView.swift */ = {isa = PBXFileReference; lastKnownFileType = sourcecode.swift; path = CalculatorView.swift; sourceTree = "<group>"; };
		938CCEE22A7ED7E10085BBCF /* CalcButton.swift */ = {isa = PBXFileReference; lastKnownFileType = sourcecode.swift; path = CalcButton.swift; sourceTree = "<group>"; };
		93D0F7942A7FA22A00BA8357 /* CalculatorViewModel.swift */ = {isa = PBXFileReference; lastKnownFileType = sourcecode.swift; path = CalculatorViewModel.swift; sourceTree = "<group>"; };
/* End PBXFileReference section */

/* Begin PBXFrameworksBuildPhase section */
		938CCECC2A7EB5530085BBCF /* Frameworks */ = {
			isa = PBXFrameworksBuildPhase;
			buildActionMask = 2147483647;
			files = (
			);
			runOnlyForDeploymentPostprocessing = 0;
		};
/* End PBXFrameworksBuildPhase section */

/* Begin PBXGroup section */
		932D01512A872AE2002CF80B /* Extensions */ = {
			isa = PBXGroup;
			children = (
				932D01522A872B2B002CF80B /* Double+Extesions.swift */,
			);
			path = Extensions;
			sourceTree = "<group>";
		};
		938CCEC62A7EB5530085BBCF = {
			isa = PBXGroup;
			children = (
				938CCED12A7EB5530085BBCF /* ArithmeticCalculatorWithSwiftUI */,
				938CCED02A7EB5530085BBCF /* Products */,
			);
			sourceTree = "<group>";
		};
		938CCED02A7EB5530085BBCF /* Products */ = {
			isa = PBXGroup;
			children = (
				938CCECF2A7EB5530085BBCF /* ArithmeticCalculatorWithSwiftUI.app */,
			);
			name = Products;
			sourceTree = "<group>";
		};
		938CCED12A7EB5530085BBCF /* ArithmeticCalculatorWithSwiftUI */ = {
			isa = PBXGroup;
			children = (
				93D0F7922A7FA11A00BA8357 /* Views */,
				938CCED22A7EB5530085BBCF /* ArithmeticCalculatorWithSwiftUIApp.swift */,
				938CCED42A7EB5530085BBCF /* ContentView.swift */,
				938CCED62A7EB5560085BBCF /* Assets.xcassets */,
				938CCED82A7EB5560085BBCF /* Preview Content */,
			);
			path = ArithmeticCalculatorWithSwiftUI;
			sourceTree = "<group>";
		};
		938CCED82A7EB5560085BBCF /* Preview Content */ = {
			isa = PBXGroup;
			children = (
				938CCED92A7EB5560085BBCF /* Preview Assets.xcassets */,
			);
			path = "Preview Content";
			sourceTree = "<group>";
		};
		93D0F7922A7FA11A00BA8357 /* Views */ = {
			isa = PBXGroup;
			children = (
				932D01512A872AE2002CF80B /* Extensions */,
				93D0F7932A7FA20300BA8357 /* CalculatorUi */,
			);
			path = Views;
			sourceTree = "<group>";
		};
		93D0F7932A7FA20300BA8357 /* CalculatorUi */ = {
			isa = PBXGroup;
			children = (
				938CCEE22A7ED7E10085BBCF /* CalcButton.swift */,
				938CCEE02A7ED7AE0085BBCF /* CalculatorView.swift */,
				93D0F7942A7FA22A00BA8357 /* CalculatorViewModel.swift */,
			);
			path = CalculatorUi;
			sourceTree = "<group>";
		};
/* End PBXGroup section */

/* Begin PBXNativeTarget section */
		938CCECE2A7EB5530085BBCF /* ArithmeticCalculatorWithSwiftUI */ = {
			isa = PBXNativeTarget;
			buildConfigurationList = 938CCEDD2A7EB5560085BBCF /* Build configuration list for PBXNativeTarget "ArithmeticCalculatorWithSwiftUI" */;
			buildPhases = (
				938CCECB2A7EB5530085BBCF /* Sources */,
				938CCECC2A7EB5530085BBCF /* Frameworks */,
				938CCECD2A7EB5530085BBCF /* Resources */,
			);
			buildRules = (
			);
			dependencies = (
			);
			name = ArithmeticCalculatorWithSwiftUI;
			productName = ArithmeticCalculatorWithSwiftUI;
			productReference = 938CCECF2A7EB5530085BBCF /* ArithmeticCalculatorWithSwiftUI.app */;
			productType = "com.apple.product-type.application";
		};
/* End PBXNativeTarget section */

/* Begin PBXProject section */
		938CCEC72A7EB5530085BBCF /* Project object */ = {
			isa = PBXProject;
			attributes = {
				BuildIndependentTargetsInParallel = 1;
				LastSwiftUpdateCheck = 1410;
				LastUpgradeCheck = 1410;
				TargetAttributes = {
					938CCECE2A7EB5530085BBCF = {
						CreatedOnToolsVersion = 14.1;
					};
				};
			};
			buildConfigurationList = 938CCECA2A7EB5530085BBCF /* Build configuration list for PBXProject "ArithmeticCalculatorWithSwiftUI" */;
			compatibilityVersion = "Xcode 14.0";
			developmentRegion = en;
			hasScannedForEncodings = 0;
			knownRegions = (
				en,
				Base,
			);
			mainGroup = 938CCEC62A7EB5530085BBCF;
			productRefGroup = 938CCED02A7EB5530085BBCF /* Products */;
			projectDirPath = "";
			projectRoot = "";
			targets = (
				938CCECE2A7EB5530085BBCF /* ArithmeticCalculatorWithSwiftUI */,
			);
		};
/* End PBXProject section */

/* Begin PBXResourcesBuildPhase section */
		938CCECD2A7EB5530085BBCF /* Resources */ = {
			isa = PBXResourcesBuildPhase;
			buildActionMask = 2147483647;
			files = (
				938CCEDA2A7EB5560085BBCF /* Preview Assets.xcassets in Resources */,
				938CCED72A7EB5560085BBCF /* Assets.xcassets in Resources */,
			);
			runOnlyForDeploymentPostprocessing = 0;
		};
/* End PBXResourcesBuildPhase section */

/* Begin PBXSourcesBuildPhase section */
		938CCECB2A7EB5530085BBCF /* Sources */ = {
			isa = PBXSourcesBuildPhase;
			buildActionMask = 2147483647;
			files = (
				938CCED52A7EB5530085BBCF /* ContentView.swift in Sources */,
				938CCEE12A7ED7AE0085BBCF /* CalculatorView.swift in Sources */,
				938CCEE32A7ED7E10085BBCF /* CalcButton.swift in Sources */,
				938CCED32A7EB5530085BBCF /* ArithmeticCalculatorWithSwiftUIApp.swift in Sources */,
				93D0F7952A7FA22A00BA8357 /* CalculatorViewModel.swift in Sources */,
				932D01532A872B2B002CF80B /* Double+Extesions.swift in Sources */,
			);
			runOnlyForDeploymentPostprocessing = 0;
		};
/* End PBXSourcesBuildPhase section */

/* Begin XCBuildConfiguration section */
		938CCEDB2A7EB5560085BBCF /* Debug */ = {
			isa = XCBuildConfiguration;
			buildSettings = {
				ALWAYS_SEARCH_USER_PATHS = NO;
				CLANG_ANALYZER_NONNULL = YES;
				CLANG_ANALYZER_NUMBER_OBJECT_CONVERSION = YES_AGGRESSIVE;
				CLANG_CXX_LANGUAGE_STANDARD = "gnu++20";
				CLANG_ENABLE_MODULES = YES;
				CLANG_ENABLE_OBJC_ARC = YES;
				CLANG_ENABLE_OBJC_WEAK = YES;
				CLANG_WARN_BLOCK_CAPTURE_AUTORELEASING = YES;
				CLANG_WARN_BOOL_CONVERSION = YES;
				CLANG_WARN_COMMA = YES;
				CLANG_WARN_CONSTANT_CONVERSION = YES;
				CLANG_WARN_DEPRECATED_OBJC_IMPLEMENTATIONS = YES;
				CLANG_WARN_DIRECT_OBJC_ISA_USAGE = YES_ERROR;
				CLANG_WARN_DOCUMENTATION_COMMENTS = YES;
				CLANG_WARN_EMPTY_BODY = YES;
				CLANG_WARN_ENUM_CONVERSION = YES;
				CLANG_WARN_INFINITE_RECURSION = YES;
				CLANG_WARN_INT_CONVERSION = YES;
				CLANG_WARN_NON_LITERAL_NULL_CONVERSION = YES;
				CLANG_WARN_OBJC_IMPLICIT_RETAIN_SELF = YES;
				CLANG_WARN_OBJC_LITERAL_CONVERSION = YES;
				CLANG_WARN_OBJC_ROOT_CLASS = YES_ERROR;
				CLANG_WARN_QUOTED_INCLUDE_IN_FRAMEWORK_HEADER = YES;
				CLANG_WARN_RANGE_LOOP_ANALYSIS = YES;
				CLANG_WARN_STRICT_PROTOTYPES = YES;
				CLANG_WARN_SUSPICIOUS_MOVE = YES;
				CLANG_WARN_UNGUARDED_AVAILABILITY = YES_AGGRESSIVE;
				CLANG_WARN_UNREACHABLE_CODE = YES;
				CLANG_WARN__DUPLICATE_METHOD_MATCH = YES;
				COPY_PHASE_STRIP = NO;
				DEBUG_INFORMATION_FORMAT = dwarf;
				ENABLE_STRICT_OBJC_MSGSEND = YES;
				ENABLE_TESTABILITY = YES;
				GCC_C_LANGUAGE_STANDARD = gnu11;
				GCC_DYNAMIC_NO_PIC = NO;
				GCC_NO_COMMON_BLOCKS = YES;
				GCC_OPTIMIZATION_LEVEL = 0;
				GCC_PREPROCESSOR_DEFINITIONS = (
					"DEBUG=1",
					"$(inherited)",
				);
				GCC_WARN_64_TO_32_BIT_CONVERSION = YES;
				GCC_WARN_ABOUT_RETURN_TYPE = YES_ERROR;
				GCC_WARN_UNDECLARED_SELECTOR = YES;
				GCC_WARN_UNINITIALIZED_AUTOS = YES_AGGRESSIVE;
				GCC_WARN_UNUSED_FUNCTION = YES;
				GCC_WARN_UNUSED_VARIABLE = YES;
				IPHONEOS_DEPLOYMENT_TARGET = 16.1;
				MTL_ENABLE_DEBUG_INFO = INCLUDE_SOURCE;
				MTL_FAST_MATH = YES;
				ONLY_ACTIVE_ARCH = YES;
				SDKROOT = iphoneos;
				SWIFT_ACTIVE_COMPILATION_CONDITIONS = DEBUG;
				SWIFT_OPTIMIZATION_LEVEL = "-Onone";
			};
			name = Debug;
		};
		938CCEDC2A7EB5560085BBCF /* Release */ = {
			isa = XCBuildConfiguration;
			buildSettings = {
				ALWAYS_SEARCH_USER_PATHS = NO;
				CLANG_ANALYZER_NONNULL = YES;
				CLANG_ANALYZER_NUMBER_OBJECT_CONVERSION = YES_AGGRESSIVE;
				CLANG_CXX_LANGUAGE_STANDARD = "gnu++20";
				CLANG_ENABLE_MODULES = YES;
				CLANG_ENABLE_OBJC_ARC = YES;
				CLANG_ENABLE_OBJC_WEAK = YES;
				CLANG_WARN_BLOCK_CAPTURE_AUTORELEASING = YES;
				CLANG_WARN_BOOL_CONVERSION = YES;
				CLANG_WARN_COMMA = YES;
				CLANG_WARN_CONSTANT_CONVERSION = YES;
				CLANG_WARN_DEPRECATED_OBJC_IMPLEMENTATIONS = YES;
				CLANG_WARN_DIRECT_OBJC_ISA_USAGE = YES_ERROR;
				CLANG_WARN_DOCUMENTATION_COMMENTS = YES;
				CLANG_WARN_EMPTY_BODY = YES;
				CLANG_WARN_ENUM_CONVERSION = YES;
				CLANG_WARN_INFINITE_RECURSION = YES;
				CLANG_WARN_INT_CONVERSION = YES;
				CLANG_WARN_NON_LITERAL_NULL_CONVERSION = YES;
				CLANG_WARN_OBJC_IMPLICIT_RETAIN_SELF = YES;
				CLANG_WARN_OBJC_LITERAL_CONVERSION = YES;
				CLANG_WARN_OBJC_ROOT_CLASS = YES_ERROR;
				CLANG_WARN_QUOTED_INCLUDE_IN_FRAMEWORK_HEADER = YES;
				CLANG_WARN_RANGE_LOOP_ANALYSIS = YES;
				CLANG_WARN_STRICT_PROTOTYPES = YES;
				CLANG_WARN_SUSPICIOUS_MOVE = YES;
				CLANG_WARN_UNGUARDED_AVAILABILITY = YES_AGGRESSIVE;
				CLANG_WARN_UNREACHABLE_CODE = YES;
				CLANG_WARN__DUPLICATE_METHOD_MATCH = YES;
				COPY_PHASE_STRIP = NO;
				DEBUG_INFORMATION_FORMAT = "dwarf-with-dsym";
				ENABLE_NS_ASSERTIONS = NO;
				ENABLE_STRICT_OBJC_MSGSEND = YES;
				GCC_C_LANGUAGE_STANDARD = gnu11;
				GCC_NO_COMMON_BLOCKS = YES;
				GCC_WARN_64_TO_32_BIT_CONVERSION = YES;
				GCC_WARN_ABOUT_RETURN_TYPE = YES_ERROR;
				GCC_WARN_UNDECLARED_SELECTOR = YES;
				GCC_WARN_UNINITIALIZED_AUTOS = YES_AGGRESSIVE;
				GCC_WARN_UNUSED_FUNCTION = YES;
				GCC_WARN_UNUSED_VARIABLE = YES;
				IPHONEOS_DEPLOYMENT_TARGET = 16.1;
				MTL_ENABLE_DEBUG_INFO = NO;
				MTL_FAST_MATH = YES;
				SDKROOT = iphoneos;
				SWIFT_COMPILATION_MODE = wholemodule;
				SWIFT_OPTIMIZATION_LEVEL = "-O";
				VALIDATE_PRODUCT = YES;
			};
			name = Release;
		};
		938CCEDE2A7EB5560085BBCF /* Debug */ = {
			isa = XCBuildConfiguration;
			buildSettings = {
				ASSETCATALOG_COMPILER_APPICON_NAME = AppIcon;
				ASSETCATALOG_COMPILER_GLOBAL_ACCENT_COLOR_NAME = AccentColor;
				CODE_SIGN_STYLE = Automatic;
				CURRENT_PROJECT_VERSION = 1;
				DEVELOPMENT_ASSET_PATHS = "\"ArithmeticCalculatorWithSwiftUI/Preview Content\"";
				DEVELOPMENT_TEAM = 99485X5JU5;
				ENABLE_PREVIEWS = YES;
				GENERATE_INFOPLIST_FILE = YES;
				INFOPLIST_KEY_UIApplicationSceneManifest_Generation = YES;
				INFOPLIST_KEY_UIApplicationSupportsIndirectInputEvents = YES;
				INFOPLIST_KEY_UILaunchScreen_Generation = YES;
				INFOPLIST_KEY_UISupportedInterfaceOrientations_iPad = "UIInterfaceOrientationPortrait UIInterfaceOrientationPortraitUpsideDown UIInterfaceOrientationLandscapeLeft UIInterfaceOrientationLandscapeRight";
				INFOPLIST_KEY_UISupportedInterfaceOrientations_iPhone = "UIInterfaceOrientationPortrait UIInterfaceOrientationLandscapeLeft UIInterfaceOrientationLandscapeRight";
				LD_RUNPATH_SEARCH_PATHS = (
					"$(inherited)",
					"@executable_path/Frameworks",
				);
				MARKETING_VERSION = 1.0;
				PRODUCT_BUNDLE_IDENTIFIER = io.gauravtak.ArithmeticCalculatorWithSwiftUI;
				PRODUCT_NAME = "$(TARGET_NAME)";
				SWIFT_EMIT_LOC_STRINGS = YES;
				SWIFT_VERSION = 5.0;
				TARGETED_DEVICE_FAMILY = "1,2";
			};
			name = Debug;
		};
		938CCEDF2A7EB5560085BBCF /* Release */ = {
			isa = XCBuildConfiguration;
			buildSettings = {
				ASSETCATALOG_COMPILER_APPICON_NAME = AppIcon;
				ASSETCATALOG_COMPILER_GLOBAL_ACCENT_COLOR_NAME = AccentColor;
				CODE_SIGN_STYLE = Automatic;
				CURRENT_PROJECT_VERSION = 1;
				DEVELOPMENT_ASSET_PATHS = "\"ArithmeticCalculatorWithSwiftUI/Preview Content\"";
				DEVELOPMENT_TEAM = 99485X5JU5;
				ENABLE_PREVIEWS = YES;
				GENERATE_INFOPLIST_FILE = YES;
				INFOPLIST_KEY_UIApplicationSceneManifest_Generation = YES;
				INFOPLIST_KEY_UIApplicationSupportsIndirectInputEvents = YES;
				INFOPLIST_KEY_UILaunchScreen_Generation = YES;
				INFOPLIST_KEY_UISupportedInterfaceOrientations_iPad = "UIInterfaceOrientationPortrait UIInterfaceOrientationPortraitUpsideDown UIInterfaceOrientationLandscapeLeft UIInterfaceOrientationLandscapeRight";
				INFOPLIST_KEY_UISupportedInterfaceOrientations_iPhone = "UIInterfaceOrientationPortrait UIInterfaceOrientationLandscapeLeft UIInterfaceOrientationLandscapeRight";
				LD_RUNPATH_SEARCH_PATHS = (
					"$(inherited)",
					"@executable_path/Frameworks",
				);
				MARKETING_VERSION = 1.0;
				PRODUCT_BUNDLE_IDENTIFIER = io.gauravtak.ArithmeticCalculatorWithSwiftUI;
				PRODUCT_NAME = "$(TARGET_NAME)";
				SWIFT_EMIT_LOC_STRINGS = YES;
				SWIFT_VERSION = 5.0;
				TARGETED_DEVICE_FAMILY = "1,2";
			};
			name = Release;
		};
/* End XCBuildConfiguration section */

/* Begin XCConfigurationList section */
		938CCECA2A7EB5530085BBCF /* Build configuration list for PBXProject "ArithmeticCalculatorWithSwiftUI" */ = {
			isa = XCConfigurationList;
			buildConfigurations = (
				938CCEDB2A7EB5560085BBCF /* Debug */,
				938CCEDC2A7EB5560085BBCF /* Release */,
			);
			defaultConfigurationIsVisible = 0;
			defaultConfigurationName = Release;
		};
		938CCEDD2A7EB5560085BBCF /* Build configuration list for PBXNativeTarget "ArithmeticCalculatorWithSwiftUI" */ = {
			isa = XCConfigurationList;
			buildConfigurations = (
				938CCEDE2A7EB5560085BBCF /* Debug */,
				938CCEDF2A7EB5560085BBCF /* Release */,
			);
			defaultConfigurationIsVisible = 0;
			defaultConfigurationName = Release;
		};
/* End XCConfigurationList section */
	};
	rootObject = 938CCEC72A7EB5530085BBCF /* Project object */;
}
